
Microsoft Visual Studio Solution File, Format Version 12.00
# Visual Studio Version 16
VisualStudioVersion = 16.0.30413.136
MinimumVisualStudioVersion = 10.0.40219.1
Project("{FAE04EC0-301F-11D3-BF4B-00C04F79EFBC}") = "School_Inventory", "School_Inventory\School_Inventory.csproj", "{B00F0991-4ECD-48E1-B803-8D80FF7395CA}"
EndProject
Project("{54435603-DBB4-11D2-8724-00A0C9A8B90C}") = "Inventory.Setup", "Inventory.Setup\Inventory.Setup.vdproj", "{8EAFFA20-4B80-49E2-9FB8-5010298C7C1B}"
EndProject
Global
	GlobalSection(SolutionConfigurationPlatforms) = preSolution
		Debug|Any CPU = Debug|Any CPU
		Release|Any CPU = Release|Any CPU
	EndGlobalSection
	GlobalSection(ProjectConfigurationPlatforms) = postSolution
		{B00F0991-4ECD-48E1-B803-8D80FF7395CA}.Debug|Any CPU.ActiveCfg = Debug|Any CPU
		{B00F0991-4ECD-48E1-B803-8D80FF7395CA}.Debug|Any CPU.Build.0 = Debug|Any CPU
		{B00F0991-4ECD-48E1-B803-8D80FF7395CA}.Release|Any CPU.ActiveCfg = Release|Any CPU
		{B00F0991-4ECD-48E1-B803-8D80FF7395CA}.Release|Any CPU.Build.0 = Release|Any CPU
		{8EAFFA20-4B80-49E2-9FB8-5010298C7C1B}.Debug|Any CPU.ActiveCfg = Debug
		{8EAFFA20-4B80-49E2-9FB8-5010298C7C1B}.Release|Any CPU.ActiveCfg = Release
	EndGlobalSection
	GlobalSection(SolutionProperties) = preSolution
		HideSolutionNode = FALSE
	EndGlobalSection
	GlobalSection(ExtensibilityGlobals) = postSolution
		SolutionGuid = {4669300B-2C47-4CD8-ACCA-B11D1E00D324}
	EndGlobalSection
EndGlobal
